
Microsoft Visual Studio Solution File, Format Version 12.00
# Visual Studio Version 17
VisualStudioVersion = 17.1.32414.318
MinimumVisualStudioVersion = 10.0.40219.1
Project("{9A19103F-16F7-4668-BE54-9A1E7A4F7556}") = "InstructorsSystemManagement", "InstructorsSystemManagement\InstructorsSystemManagement.csproj", "{E2F4D4D5-853C-44C8-A2BB-E8FCC7CEFECB}"
EndProject
Project("{9A19103F-16F7-4668-BE54-9A1E7A4F7556}") = "Models", "Models\Models.csproj", "{81AE1DC0-4539-452D-B711-0DDAF18E70BE}"
EndProject
Project("{FAE04EC0-301F-11D3-BF4B-00C04F79EFBC}") = "InstructorsSystemManagement.DataAccess", "InstructorsSystemManagement.DataAccess\InstructorsSystemManagement.DataAccess.csproj", "{4413BD1B-99BA-462A-8526-AE495E49984B}"
EndProject
Global
	GlobalSection(SolutionConfigurationPlatforms) = preSolution
		Debug|Any CPU = Debug|Any CPU
		Release|Any CPU = Release|Any CPU
	EndGlobalSection
	GlobalSection(ProjectConfigurationPlatforms) = postSolution
		{E2F4D4D5-853C-44C8-A2BB-E8FCC7CEFECB}.Debug|Any CPU.ActiveCfg = Debug|Any CPU
		{E2F4D4D5-853C-44C8-A2BB-E8FCC7CEFECB}.Debug|Any CPU.Build.0 = Debug|Any CPU
		{E2F4D4D5-853C-44C8-A2BB-E8FCC7CEFECB}.Release|Any CPU.ActiveCfg = Release|Any CPU
		{E2F4D4D5-853C-44C8-A2BB-E8FCC7CEFECB}.Release|Any CPU.Build.0 = Release|Any CPU
		{81AE1DC0-4539-452D-B711-0DDAF18E70BE}.Debug|Any CPU.ActiveCfg = Debug|Any CPU
		{81AE1DC0-4539-452D-B711-0DDAF18E70BE}.Debug|Any CPU.Build.0 = Debug|Any CPU
		{81AE1DC0-4539-452D-B711-0DDAF18E70BE}.Release|Any CPU.ActiveCfg = Release|Any CPU
		{81AE1DC0-4539-452D-B711-0DDAF18E70BE}.Release|Any CPU.Build.0 = Release|Any CPU
		{4413BD1B-99BA-462A-8526-AE495E49984B}.Debug|Any CPU.ActiveCfg = Debug|Any CPU
		{4413BD1B-99BA-462A-8526-AE495E49984B}.Debug|Any CPU.Build.0 = Debug|Any CPU
		{4413BD1B-99BA-462A-8526-AE495E49984B}.Release|Any CPU.ActiveCfg = Release|Any CPU
		{4413BD1B-99BA-462A-8526-AE495E49984B}.Release|Any CPU.Build.0 = Release|Any CPU
	EndGlobalSection
	GlobalSection(SolutionProperties) = preSolution
		HideSolutionNode = FALSE
	EndGlobalSection
	GlobalSection(ExtensibilityGlobals) = postSolution
		SolutionGuid = {DE16A749-F7DD-40C3-8545-89562BA8B2CC}
	EndGlobalSection
EndGlobal
